# THIS IS AN AUTOGENERATED FILE. DO NOT EDIT THIS FILE DIRECTLY.
# yarn lockfile v1


"@ddd-ts/shape@^0.0.11":
  version "0.0.11"
  resolved "https://registry.yarnpkg.com/@ddd-ts/shape/-/shape-0.0.11.tgz#662b4f380fecccaeeb5be085d4b7bbf5dc43a50f"
  integrity sha512-Z7UGqKIV9DiPuXW2ur/XIGmJjArPQ/PwHooYqMre4t4qqfWpATWt+A34ia49Yfd3xnT7Hhi2aev+FF2/140H8A==
  dependencies:
    "@ddd-ts/traits" "0.0.11"

"@ddd-ts/traits@0.0.11":
  version "0.0.11"
  resolved "https://registry.yarnpkg.com/@ddd-ts/traits/-/traits-0.0.11.tgz#94daec4b7d73371c7941efb57d19e0e98ded3884"
  integrity sha512-pdmMOCHWbe/rhlSdaa3RGyIC3Wd9PIRKiZhxaTZiluwDEyCUYxENGe6od2fJ1YHjsuZsMOKicdIpehJ+F+ZhTQ==

typescript@^5.4.5:
  version "5.4.5"
  resolved "https://registry.yarnpkg.com/typescript/-/typescript-5.4.5.tgz#42ccef2c571fdbd0f6718b1d1f5e6e5ef006f611"
  integrity sha512-vcI4UpRgg81oIRUFwR0WSIHKt11nJ7SAVlYNIu+QpqeyXP+gpQJy/Z4+F0aGxSE4MqwjyXvW/TzgkLAx2AGHwQ==
